{
  "name": "degree-tt",
  "lockfileVersion": 3,
  "requires": true,
  "packages": {
    "": {
      "dependencies": {
        "@visactor/tt-vchart": "^0.1.0-alpha.0"
      }
    },
    "node_modules/@visactor/tt-vchart": {
      "version": "0.1.0-alpha.0",
      "resolved": "https://registry.npmjs.org/@visactor/tt-vchart/-/tt-vchart-0.1.0-alpha.0.tgz",
      "integrity": "sha512-1Ip8zTE2hCt/00Y0/xwYoual5gMSDK2fyXYeBhKuCS4qsHeQBOPGQ+/EqC/flUK4JkNEOEaxJuXJAwTJd0jh8g==",
      "license": "MIT"
    }
  }
}
